
Microsoft Visual Studio Solution File, Format Version 12.00
# Visual Studio Version 17
VisualStudioVersion = 17.5.33414.496
MinimumVisualStudioVersion = 10.0.40219.1
Project("{9A19103F-16F7-4668-BE54-9A1E7A4F7556}") = "CinemaWorld", "CinemaWorld\CinemaWorld.csproj", "{FAC69830-2DA1-4646-A25B-F42BF3AC0778}"
EndProject
Project("{FAE04EC0-301F-11D3-BF4B-00C04F79EFBC}") = "CinemaWorld.Tests", "CinemaWorld.Tests\CinemaWorld.Tests.csproj", "{45AD38CB-41DD-4EC9-97E2-0402AEC3C492}"
EndProject
Global
	GlobalSection(SolutionConfigurationPlatforms) = preSolution
		Debug|Any CPU = Debug|Any CPU
		Release|Any CPU = Release|Any CPU
	EndGlobalSection
	GlobalSection(ProjectConfigurationPlatforms) = postSolution
		{FAC69830-2DA1-4646-A25B-F42BF3AC0778}.Debug|Any CPU.ActiveCfg = Debug|Any CPU
		{FAC69830-2DA1-4646-A25B-F42BF3AC0778}.Debug|Any CPU.Build.0 = Debug|Any CPU
		{FAC69830-2DA1-4646-A25B-F42BF3AC0778}.Release|Any CPU.ActiveCfg = Release|Any CPU
		{FAC69830-2DA1-4646-A25B-F42BF3AC0778}.Release|Any CPU.Build.0 = Release|Any CPU
		{45AD38CB-41DD-4EC9-97E2-0402AEC3C492}.Debug|Any CPU.ActiveCfg = Debug|Any CPU
		{45AD38CB-41DD-4EC9-97E2-0402AEC3C492}.Debug|Any CPU.Build.0 = Debug|Any CPU
		{45AD38CB-41DD-4EC9-97E2-0402AEC3C492}.Release|Any CPU.ActiveCfg = Release|Any CPU
		{45AD38CB-41DD-4EC9-97E2-0402AEC3C492}.Release|Any CPU.Build.0 = Release|Any CPU
	EndGlobalSection
	GlobalSection(SolutionProperties) = preSolution
		HideSolutionNode = FALSE
	EndGlobalSection
	GlobalSection(ExtensibilityGlobals) = postSolution
		SolutionGuid = {04BAF725-74FE-4A84-B1F7-5C935C2519DB}
	EndGlobalSection
EndGlobal
